// !$*UTF8*$!
{
	archiveVersion = 1;
	classes = {
	};
	objectVersion = 50;
	objects = {

/* Begin PBXBuildFile section */
		1453608023AA81CA00C12BB1 /* AppDelegate.swift in Sources */ = {isa = PBXBuildFile; fileRef = 1453607F23AA81CA00C12BB1 /* AppDelegate.swift */; };
		1453608223AA81CA00C12BB1 /* ViewController.swift in Sources */ = {isa = PBXBuildFile; fileRef = 1453608123AA81CA00C12BB1 /* ViewController.swift */; };
		1453608523AA81CA00C12BB1 /* Main.storyboard in Resources */ = {isa = PBXBuildFile; fileRef = 1453608323AA81CA00C12BB1 /* Main.storyboard */; };
		1453608823AA81CA00C12BB1 /* Paises.xcdatamodeld in Sources */ = {isa = PBXBuildFile; fileRef = 1453608623AA81CA00C12BB1 /* Paises.xcdatamodeld */; };
		1453608A23AA81D500C12BB1 /* Assets.xcassets in Resources */ = {isa = PBXBuildFile; fileRef = 1453608923AA81D500C12BB1 /* Assets.xcassets */; };
		1453608D23AA81D500C12BB1 /* LaunchScreen.storyboard in Resources */ = {isa = PBXBuildFile; fileRef = 1453608B23AA81D500C12BB1 /* LaunchScreen.storyboard */; };
		1453609523AA84FD00C12BB1 /* TableViewCell.swift in Sources */ = {isa = PBXBuildFile; fileRef = 1453609423AA84FD00C12BB1 /* TableViewCell.swift */; };
/* End PBXBuildFile section */

/* Begin PBXFileReference section */
		1453607C23AA81C900C12BB1 /* Paises.app */ = {isa = PBXFileReference; explicitFileType = wrapper.application; includeInIndex = 0; path = Paises.app; sourceTree = BUILT_PRODUCTS_DIR; };
		1453607F23AA81CA00C12BB1 /* AppDelegate.swift */ = {isa = PBXFileReference; lastKnownFileType = sourcecode.swift; path = AppDelegate.swift; sourceTree = "<group>"; };
		1453608123AA81CA00C12BB1 /* ViewController.swift */ = {isa = PBXFileReference; lastKnownFileType = sourcecode.swift; path = ViewController.swift; sourceTree = "<group>"; };
		1453608423AA81CA00C12BB1 /* Base */ = {isa = PBXFileReference; lastKnownFileType = file.storyboard; name = Base; path = Base.lproj/Main.storyboard; sourceTree = "<group>"; };
		1453608723AA81CA00C12BB1 /* Paises.xcdatamodel */ = {isa = PBXFileReference; lastKnownFileType = wrapper.xcdatamodel; path = Paises.xcdatamodel; sourceTree = "<group>"; };
		1453608923AA81D500C12BB1 /* Assets.xcassets */ = {isa = PBXFileReference; lastKnownFileType = folder.assetcatalog; path = Assets.xcassets; sourceTree = "<group>"; };
		1453608C23AA81D500C12BB1 /* Base */ = {isa = PBXFileReference; lastKnownFileType = file.storyboard; name = Base; path = Base.lproj/LaunchScreen.storyboard; sourceTree = "<group>"; };
		1453608E23AA81D500C12BB1 /* Info.plist */ = {isa = PBXFileReference; lastKnownFileType = text.plist.xml; path = Info.plist; sourceTree = "<group>"; };
		1453609423AA84FD00C12BB1 /* TableViewCell.swift */ = {isa = PBXFileReference; lastKnownFileType = sourcecode.swift; path = TableViewCell.swift; sourceTree = "<group>"; };
/* End PBXFileReference section */

/* Begin PBXFrameworksBuildPhase section */
		1453607923AA81C900C12BB1 /* Frameworks */ = {
			isa = PBXFrameworksBuildPhase;
			buildActionMask = 2147483647;
			files = (
			);
			runOnlyForDeploymentPostprocessing = 0;
		};
/* End PBXFrameworksBuildPhase section */

/* Begin PBXGroup section */
		1453607323AA81C900C12BB1 = {
			isa = PBXGroup;
			children = (
				1453607E23AA81C900C12BB1 /* Paises */,
				1453607D23AA81C900C12BB1 /* Products */,
			);
			sourceTree = "<group>";
		};
		1453607D23AA81C900C12BB1 /* Products */ = {
			isa = PBXGroup;
			children = (
				1453607C23AA81C900C12BB1 /* Paises.app */,
			);
			name = Products;
			sourceTree = "<group>";
		};
		1453607E23AA81C900C12BB1 /* Paises */ = {
			isa = PBXGroup;
			children = (
				1453607F23AA81CA00C12BB1 /* AppDelegate.swift */,
				1453608123AA81CA00C12BB1 /* ViewController.swift */,
				1453608323AA81CA00C12BB1 /* Main.storyboard */,
				1453609423AA84FD00C12BB1 /* TableViewCell.swift */,
				1453608923AA81D500C12BB1 /* Assets.xcassets */,
				1453608B23AA81D500C12BB1 /* LaunchScreen.storyboard */,
				1453608E23AA81D500C12BB1 /* Info.plist */,
				1453608623AA81CA00C12BB1 /* Paises.xcdatamodeld */,
			);
			path = Paises;
			sourceTree = "<group>";
		};
/* End PBXGroup section */

/* Begin PBXNativeTarget section */
		1453607B23AA81C900C12BB1 /* Paises */ = {
			isa = PBXNativeTarget;
			buildConfigurationList = 1453609123AA81D500C12BB1 /* Build configuration list for PBXNativeTarget "Paises" */;
			buildPhases = (
				1453607823AA81C900C12BB1 /* Sources */,
				1453607923AA81C900C12BB1 /* Frameworks */,
				1453607A23AA81C900C12BB1 /* Resources */,
			);
			buildRules = (
			);
			dependencies = (
			);
			name = Paises;
			productName = Paises;
			productReference = 1453607C23AA81C900C12BB1 /* Paises.app */;
			productType = "com.apple.product-type.application";
		};
/* End PBXNativeTarget section */

/* Begin PBXProject section */
		1453607423AA81C900C12BB1 /* Project object */ = {
			isa = PBXProject;
			attributes = {
				LastSwiftUpdateCheck = 1010;
				LastUpgradeCheck = 1010;
				ORGANIZATIONNAME = IFPB;
				TargetAttributes = {
					1453607B23AA81C900C12BB1 = {
						CreatedOnToolsVersion = 10.1;
					};
				};
			};
			buildConfigurationList = 1453607723AA81C900C12BB1 /* Build configuration list for PBXProject "Paises" */;
			compatibilityVersion = "Xcode 9.3";
			developmentRegion = en;
			hasScannedForEncodings = 0;
			knownRegions = (
				en,
				Base,
			);
			mainGroup = 1453607323AA81C900C12BB1;
			productRefGroup = 1453607D23AA81C900C12BB1 /* Products */;
			projectDirPath = "";
			projectRoot = "";
			targets = (
				1453607B23AA81C900C12BB1 /* Paises */,
			);
		};
/* End PBXProject section */

/* Begin PBXResourcesBuildPhase section */
		1453607A23AA81C900C12BB1 /* Resources */ = {
			isa = PBXResourcesBuildPhase;
			buildActionMask = 2147483647;
			files = (
				1453608D23AA81D500C12BB1 /* LaunchScreen.storyboard in Resources */,
				1453608A23AA81D500C12BB1 /* Assets.xcassets in Resources */,
				1453608523AA81CA00C12BB1 /* Main.storyboard in Resources */,
			);
			runOnlyForDeploymentPostprocessing = 0;
		};
/* End PBXResourcesBuildPhase section */

/* Begin PBXSourcesBuildPhase section */
		1453607823AA81C900C12BB1 /* Sources */ = {
			isa = PBXSourcesBuildPhase;
			buildActionMask = 2147483647;
			files = (
				1453608223AA81CA00C12BB1 /* ViewController.swift in Sources */,
				1453609523AA84FD00C12BB1 /* TableViewCell.swift in Sources */,
				1453608023AA81CA00C12BB1 /* AppDelegate.swift in Sources */,
				1453608823AA81CA00C12BB1 /* Paises.xcdatamodeld in Sources */,
			);
			runOnlyForDeploymentPostprocessing = 0;
		};
/* End PBXSourcesBuildPhase section */

/* Begin PBXVariantGroup section */
		1453608323AA81CA00C12BB1 /* Main.storyboard */ = {
			isa = PBXVariantGroup;
			children = (
				1453608423AA81CA00C12BB1 /* Base */,
			);
			name = Main.storyboard;
			sourceTree = "<group>";
		};
		1453608B23AA81D500C12BB1 /* LaunchScreen.storyboard */ = {
			isa = PBXVariantGroup;
			children = (
				1453608C23AA81D500C12BB1 /* Base */,
			);
			name = LaunchScreen.storyboard;
			sourceTree = "<group>";
		};
/* End PBXVariantGroup section */

/* Begin XCBuildConfiguration section */
		1453608F23AA81D500C12BB1 /* Debug */ = {
			isa = XCBuildConfiguration;
			buildSettings = {
				ALWAYS_SEARCH_USER_PATHS = NO;
				CLANG_ANALYZER_NONNULL = YES;
				CLANG_ANALYZER_NUMBER_OBJECT_CONVERSION = YES_AGGRESSIVE;
				CLANG_CXX_LANGUAGE_STANDARD = "gnu++14";
				CLANG_CXX_LIBRARY = "libc++";
				CLANG_ENABLE_MODULES = YES;
				CLANG_ENABLE_OBJC_ARC = YES;
				CLANG_ENABLE_OBJC_WEAK = YES;
				CLANG_WARN_BLOCK_CAPTURE_AUTORELEASING = YES;
				CLANG_WARN_BOOL_CONVERSION = YES;
				CLANG_WARN_COMMA = YES;
				CLANG_WARN_CONSTANT_CONVERSION = YES;
				CLANG_WARN_DEPRECATED_OBJC_IMPLEMENTATIONS = YES;
				CLANG_WARN_DIRECT_OBJC_ISA_USAGE = YES_ERROR;
				CLANG_WARN_DOCUMENTATION_COMMENTS = YES;
				CLANG_WARN_EMPTY_BODY = YES;
				CLANG_WARN_ENUM_CONVERSION = YES;
				CLANG_WARN_INFINITE_RECURSION = YES;
				CLANG_WARN_INT_CONVERSION = YES;
				CLANG_WARN_NON_LITERAL_NULL_CONVERSION = YES;
				CLANG_WARN_OBJC_IMPLICIT_RETAIN_SELF = YES;
				CLANG_WARN_OBJC_LITERAL_CONVERSION = YES;
				CLANG_WARN_OBJC_ROOT_CLASS = YES_ERROR;
				CLANG_WARN_RANGE_LOOP_ANALYSIS = YES;
				CLANG_WARN_STRICT_PROTOTYPES = YES;
				CLANG_WARN_SUSPICIOUS_MOVE = YES;
				CLANG_WARN_UNGUARDED_AVAILABILITY = YES_AGGRESSIVE;
				CLANG_WARN_UNREACHABLE_CODE = YES;
				CLANG_WARN__DUPLICATE_METHOD_MATCH = YES;
				CODE_SIGN_IDENTITY = "iPhone Developer";
				COPY_PHASE_STRIP = NO;
				DEBUG_INFORMATION_FORMAT = dwarf;
				ENABLE_STRICT_OBJC_MSGSEND = YES;
				ENABLE_TESTABILITY = YES;
				GCC_C_LANGUAGE_STANDARD = gnu11;
				GCC_DYNAMIC_NO_PIC = NO;
				GCC_NO_COMMON_BLOCKS = YES;
				GCC_OPTIMIZATION_LEVEL = 0;
				GCC_PREPROCESSOR_DEFINITIONS = (
					"DEBUG=1",
					"$(inherited)",
				);
				GCC_WARN_64_TO_32_BIT_CONVERSION = YES;
				GCC_WARN_ABOUT_RETURN_TYPE = YES_ERROR;
				GCC_WARN_UNDECLARED_SELECTOR = YES;
				GCC_WARN_UNINITIALIZED_AUTOS = YES_AGGRESSIVE;
				GCC_WARN_UNUSED_FUNCTION = YES;
				GCC_WARN_UNUSED_VARIABLE = YES;
				IPHONEOS_DEPLOYMENT_TARGET = 12.1;
				MTL_ENABLE_DEBUG_INFO = INCLUDE_SOURCE;
				MTL_FAST_MATH = YES;
				ONLY_ACTIVE_ARCH = YES;
				SDKROOT = iphoneos;
				SWIFT_ACTIVE_COMPILATION_CONDITIONS = DEBUG;
				SWIFT_OPTIMIZATION_LEVEL = "-Onone";
			};
			name = Debug;
		};
		1453609023AA81D500C12BB1 /* Release */ = {
			isa = XCBuildConfiguration;
			buildSettings = {
				ALWAYS_SEARCH_USER_PATHS = NO;
				CLANG_ANALYZER_NONNULL = YES;
				CLANG_ANALYZER_NUMBER_OBJECT_CONVERSION = YES_AGGRESSIVE;
				CLANG_CXX_LANGUAGE_STANDARD = "gnu++14";
				CLANG_CXX_LIBRARY = "libc++";
				CLANG_ENABLE_MODULES = YES;
				CLANG_ENABLE_OBJC_ARC = YES;
				CLANG_ENABLE_OBJC_WEAK = YES;
				CLANG_WARN_BLOCK_CAPTURE_AUTORELEASING = YES;
				CLANG_WARN_BOOL_CONVERSION = YES;
				CLANG_WARN_COMMA = YES;
				CLANG_WARN_CONSTANT_CONVERSION = YES;
				CLANG_WARN_DEPRECATED_OBJC_IMPLEMENTATIONS = YES;
				CLANG_WARN_DIRECT_OBJC_ISA_USAGE = YES_ERROR;
				CLANG_WARN_DOCUMENTATION_COMMENTS = YES;
				CLANG_WARN_EMPTY_BODY = YES;
				CLANG_WARN_ENUM_CONVERSION = YES;
				CLANG_WARN_INFINITE_RECURSION = YES;
				CLANG_WARN_INT_CONVERSION = YES;
				CLANG_WARN_NON_LITERAL_NULL_CONVERSION = YES;
				CLANG_WARN_OBJC_IMPLICIT_RETAIN_SELF = YES;
				CLANG_WARN_OBJC_LITERAL_CONVERSION = YES;
				CLANG_WARN_OBJC_ROOT_CLASS = YES_ERROR;
				CLANG_WARN_RANGE_LOOP_ANALYSIS = YES;
				CLANG_WARN_STRICT_PROTOTYPES = YES;
				CLANG_WARN_SUSPICIOUS_MOVE = YES;
				CLANG_WARN_UNGUARDED_AVAILABILITY = YES_AGGRESSIVE;
				CLANG_WARN_UNREACHABLE_CODE = YES;
				CLANG_WARN__DUPLICATE_METHOD_MATCH = YES;
				CODE_SIGN_IDENTITY = "iPhone Developer";
				COPY_PHASE_STRIP = NO;
				DEBUG_INFORMATION_FORMAT = "dwarf-with-dsym";
				ENABLE_NS_ASSERTIONS = NO;
				ENABLE_STRICT_OBJC_MSGSEND = YES;
				GCC_C_LANGUAGE_STANDARD = gnu11;
				GCC_NO_COMMON_BLOCKS = YES;
				GCC_WARN_64_TO_32_BIT_CONVERSION = YES;
				GCC_WARN_ABOUT_RETURN_TYPE = YES_ERROR;
				GCC_WARN_UNDECLARED_SELECTOR = YES;
				GCC_WARN_UNINITIALIZED_AUTOS = YES_AGGRESSIVE;
				GCC_WARN_UNUSED_FUNCTION = YES;
				GCC_WARN_UNUSED_VARIABLE = YES;
				IPHONEOS_DEPLOYMENT_TARGET = 12.1;
				MTL_ENABLE_DEBUG_INFO = NO;
				MTL_FAST_MATH = YES;
				SDKROOT = iphoneos;
				SWIFT_COMPILATION_MODE = wholemodule;
				SWIFT_OPTIMIZATION_LEVEL = "-O";
				VALIDATE_PRODUCT = YES;
			};
			name = Release;
		};
		1453609223AA81D500C12BB1 /* Debug */ = {
			isa = XCBuildConfiguration;
			buildSettings = {
				ASSETCATALOG_COMPILER_APPICON_NAME = AppIcon;
				CODE_SIGN_STYLE = Automatic;
				INFOPLIST_FILE = Paises/Info.plist;
				LD_RUNPATH_SEARCH_PATHS = (
					"$(inherited)",
					"@executable_path/Frameworks",
				);
				PRODUCT_BUNDLE_IDENTIFIER = IFPB.Paises;
				PRODUCT_NAME = "$(TARGET_NAME)";
				SWIFT_VERSION = 4.2;
				TARGETED_DEVICE_FAMILY = "1,2";
			};
			name = Debug;
		};
		1453609323AA81D500C12BB1 /* Release */ = {
			isa = XCBuildConfiguration;
			buildSettings = {
				ASSETCATALOG_COMPILER_APPICON_NAME = AppIcon;
				CODE_SIGN_STYLE = Automatic;
				INFOPLIST_FILE = Paises/Info.plist;
				LD_RUNPATH_SEARCH_PATHS = (
					"$(inherited)",
					"@executable_path/Frameworks",
				);
				PRODUCT_BUNDLE_IDENTIFIER = IFPB.Paises;
				PRODUCT_NAME = "$(TARGET_NAME)";
				SWIFT_VERSION = 4.2;
				TARGETED_DEVICE_FAMILY = "1,2";
			};
			name = Release;
		};
/* End XCBuildConfiguration section */

/* Begin XCConfigurationList section */
		1453607723AA81C900C12BB1 /* Build configuration list for PBXProject "Paises" */ = {
			isa = XCConfigurationList;
			buildConfigurations = (
				1453608F23AA81D500C12BB1 /* Debug */,
				1453609023AA81D500C12BB1 /* Release */,
			);
			defaultConfigurationIsVisible = 0;
			defaultConfigurationName = Release;
		};
		1453609123AA81D500C12BB1 /* Build configuration list for PBXNativeTarget "Paises" */ = {
			isa = XCConfigurationList;
			buildConfigurations = (
				1453609223AA81D500C12BB1 /* Debug */,
				1453609323AA81D500C12BB1 /* Release */,
			);
			defaultConfigurationIsVisible = 0;
			defaultConfigurationName = Release;
		};
/* End XCConfigurationList section */

/* Begin XCVersionGroup section */
		1453608623AA81CA00C12BB1 /* Paises.xcdatamodeld */ = {
			isa = XCVersionGroup;
			children = (
				1453608723AA81CA00C12BB1 /* Paises.xcdatamodel */,
			);
			currentVersion = 1453608723AA81CA00C12BB1 /* Paises.xcdatamodel */;
			path = Paises.xcdatamodeld;
			sourceTree = "<group>";
			versionGroupType = wrapper.xcdatamodel;
		};
/* End XCVersionGroup section */
	};
	rootObject = 1453607423AA81C900C12BB1 /* Project object */;
}
